
Microsoft Visual Studio Solution File, Format Version 12.00
# Visual Studio Version 16
VisualStudioVersion = 16.0.29613.14
MinimumVisualStudioVersion = 10.0.40219.1
Project("{8BC9CEB8-8B4A-11D0-8D11-00A0C91BC942}") = "vkPinut", "vkPinut.vcxproj", "{FA1ACE22-F801-4E4B-85BA-D0C1A93671EE}"
EndProject
Global
	GlobalSection(SolutionConfigurationPlatforms) = preSolution
		Debug|x64 = Debug|x64
		Debug|x86 = Debug|x86
		Release|x64 = Release|x64
		Release|x86 = Release|x86
	EndGlobalSection
	GlobalSection(ProjectConfigurationPlatforms) = postSolution
		{FA1ACE22-F801-4E4B-85BA-D0C1A93671EE}.Debug|x64.ActiveCfg = Debug|x64
		{FA1ACE22-F801-4E4B-85BA-D0C1A93671EE}.Debug|x64.Build.0 = Debug|x64
		{FA1ACE22-F801-4E4B-85BA-D0C1A93671EE}.Debug|x86.ActiveCfg = Debug|Win32
		{FA1ACE22-F801-4E4B-85BA-D0C1A93671EE}.Debug|x86.Build.0 = Debug|Win32
		{FA1ACE22-F801-4E4B-85BA-D0C1A93671EE}.Release|x64.ActiveCfg = Release|x64
		{FA1ACE22-F801-4E4B-85BA-D0C1A93671EE}.Release|x64.Build.0 = Release|x64
		{FA1ACE22-F801-4E4B-85BA-D0C1A93671EE}.Release|x86.ActiveCfg = Release|Win32
		{FA1ACE22-F801-4E4B-85BA-D0C1A93671EE}.Release|x86.Build.0 = Release|Win32
	EndGlobalSection
	GlobalSection(SolutionProperties) = preSolution
		HideSolutionNode = FALSE
	EndGlobalSection
	GlobalSection(ExtensibilityGlobals) = postSolution
		SolutionGuid = {B8B00593-746B-489F-9ADA-3315D3B66CBF}
	EndGlobalSection
EndGlobal
